
Microsoft Visual Studio Solution File, Format Version 12.00
# Visual Studio Version 16
VisualStudioVersion = 16.0.31624.102
MinimumVisualStudioVersion = 10.0.40219.1
Project("{FAE04EC0-301F-11D3-BF4B-00C04F79EFBC}") = "RelativeTCS.Android", "RelativeTCS.Android\RelativeTCS.Android.csproj", "{C474B4BA-BDB8-439B-9C71-31F8845BF05F}"
EndProject
Project("{FAE04EC0-301F-11D3-BF4B-00C04F79EFBC}") = "RelativeTCS.iOS", "RelativeTCS.iOS\RelativeTCS.iOS.csproj", "{E96C2F17-BA70-4414-9771-4C6FF8E712D3}"
EndProject
Project("{FAE04EC0-301F-11D3-BF4B-00C04F79EFBC}") = "RelativeTCS", "RelativeTCS\RelativeTCS.csproj", "{4AB182E5-629C-416E-808F-BC52A4C42A8F}"
EndProject
Global
	GlobalSection(SolutionConfigurationPlatforms) = preSolution
		Debug|Any CPU = Debug|Any CPU
		Debug|iPhone = Debug|iPhone
		Debug|iPhoneSimulator = Debug|iPhoneSimulator
		Release|Any CPU = Release|Any CPU
		Release|iPhone = Release|iPhone
		Release|iPhoneSimulator = Release|iPhoneSimulator
	EndGlobalSection
	GlobalSection(ProjectConfigurationPlatforms) = postSolution
		{C474B4BA-BDB8-439B-9C71-31F8845BF05F}.Debug|Any CPU.ActiveCfg = Debug|Any CPU
		{C474B4BA-BDB8-439B-9C71-31F8845BF05F}.Debug|Any CPU.Build.0 = Debug|Any CPU
		{C474B4BA-BDB8-439B-9C71-31F8845BF05F}.Debug|Any CPU.Deploy.0 = Debug|Any CPU
		{C474B4BA-BDB8-439B-9C71-31F8845BF05F}.Debug|iPhone.ActiveCfg = Debug|Any CPU
		{C474B4BA-BDB8-439B-9C71-31F8845BF05F}.Debug|iPhone.Build.0 = Debug|Any CPU
		{C474B4BA-BDB8-439B-9C71-31F8845BF05F}.Debug|iPhone.Deploy.0 = Debug|Any CPU
		{C474B4BA-BDB8-439B-9C71-31F8845BF05F}.Debug|iPhoneSimulator.ActiveCfg = Debug|Any CPU
		{C474B4BA-BDB8-439B-9C71-31F8845BF05F}.Debug|iPhoneSimulator.Build.0 = Debug|Any CPU
		{C474B4BA-BDB8-439B-9C71-31F8845BF05F}.Debug|iPhoneSimulator.Deploy.0 = Debug|Any CPU
		{C474B4BA-BDB8-439B-9C71-31F8845BF05F}.Release|Any CPU.ActiveCfg = Release|Any CPU
		{C474B4BA-BDB8-439B-9C71-31F8845BF05F}.Release|Any CPU.Build.0 = Release|Any CPU
		{C474B4BA-BDB8-439B-9C71-31F8845BF05F}.Release|Any CPU.Deploy.0 = Release|Any CPU
		{C474B4BA-BDB8-439B-9C71-31F8845BF05F}.Release|iPhone.ActiveCfg = Release|Any CPU
		{C474B4BA-BDB8-439B-9C71-31F8845BF05F}.Release|iPhone.Build.0 = Release|Any CPU
		{C474B4BA-BDB8-439B-9C71-31F8845BF05F}.Release|iPhone.Deploy.0 = Release|Any CPU
		{C474B4BA-BDB8-439B-9C71-31F8845BF05F}.Release|iPhoneSimulator.ActiveCfg = Release|Any CPU
		{C474B4BA-BDB8-439B-9C71-31F8845BF05F}.Release|iPhoneSimulator.Build.0 = Release|Any CPU
		{C474B4BA-BDB8-439B-9C71-31F8845BF05F}.Release|iPhoneSimulator.Deploy.0 = Release|Any CPU
		{E96C2F17-BA70-4414-9771-4C6FF8E712D3}.Debug|Any CPU.ActiveCfg = Debug|iPhone
		{E96C2F17-BA70-4414-9771-4C6FF8E712D3}.Debug|Any CPU.Build.0 = Debug|iPhone
		{E96C2F17-BA70-4414-9771-4C6FF8E712D3}.Debug|Any CPU.Deploy.0 = Debug|iPhone
		{E96C2F17-BA70-4414-9771-4C6FF8E712D3}.Debug|iPhone.ActiveCfg = Debug|iPhone
		{E96C2F17-BA70-4414-9771-4C6FF8E712D3}.Debug|iPhone.Build.0 = Debug|iPhone
		{E96C2F17-BA70-4414-9771-4C6FF8E712D3}.Debug|iPhone.Deploy.0 = Debug|iPhone
		{E96C2F17-BA70-4414-9771-4C6FF8E712D3}.Debug|iPhoneSimulator.ActiveCfg = Debug|iPhoneSimulator
		{E96C2F17-BA70-4414-9771-4C6FF8E712D3}.Debug|iPhoneSimulator.Build.0 = Debug|iPhoneSimulator
		{E96C2F17-BA70-4414-9771-4C6FF8E712D3}.Debug|iPhoneSimulator.Deploy.0 = Debug|iPhoneSimulator
		{E96C2F17-BA70-4414-9771-4C6FF8E712D3}.Release|Any CPU.ActiveCfg = Release|iPhoneSimulator
		{E96C2F17-BA70-4414-9771-4C6FF8E712D3}.Release|Any CPU.Build.0 = Release|iPhoneSimulator
		{E96C2F17-BA70-4414-9771-4C6FF8E712D3}.Release|Any CPU.Deploy.0 = Release|iPhoneSimulator
		{E96C2F17-BA70-4414-9771-4C6FF8E712D3}.Release|iPhone.ActiveCfg = Release|iPhone
		{E96C2F17-BA70-4414-9771-4C6FF8E712D3}.Release|iPhone.Build.0 = Release|iPhone
		{E96C2F17-BA70-4414-9771-4C6FF8E712D3}.Release|iPhone.Deploy.0 = Release|iPhone
		{E96C2F17-BA70-4414-9771-4C6FF8E712D3}.Release|iPhoneSimulator.ActiveCfg = Release|iPhoneSimulator
		{E96C2F17-BA70-4414-9771-4C6FF8E712D3}.Release|iPhoneSimulator.Build.0 = Release|iPhoneSimulator
		{E96C2F17-BA70-4414-9771-4C6FF8E712D3}.Release|iPhoneSimulator.Deploy.0 = Release|iPhoneSimulator
		{4AB182E5-629C-416E-808F-BC52A4C42A8F}.Debug|Any CPU.ActiveCfg = Debug|Any CPU
		{4AB182E5-629C-416E-808F-BC52A4C42A8F}.Debug|Any CPU.Build.0 = Debug|Any CPU
		{4AB182E5-629C-416E-808F-BC52A4C42A8F}.Debug|Any CPU.Deploy.0 = Debug|Any CPU
		{4AB182E5-629C-416E-808F-BC52A4C42A8F}.Debug|iPhone.ActiveCfg = Debug|Any CPU
		{4AB182E5-629C-416E-808F-BC52A4C42A8F}.Debug|iPhone.Build.0 = Debug|Any CPU
		{4AB182E5-629C-416E-808F-BC52A4C42A8F}.Debug|iPhone.Deploy.0 = Debug|Any CPU
		{4AB182E5-629C-416E-808F-BC52A4C42A8F}.Debug|iPhoneSimulator.ActiveCfg = Debug|Any CPU
		{4AB182E5-629C-416E-808F-BC52A4C42A8F}.Debug|iPhoneSimulator.Build.0 = Debug|Any CPU
		{4AB182E5-629C-416E-808F-BC52A4C42A8F}.Debug|iPhoneSimulator.Deploy.0 = Debug|Any CPU
		{4AB182E5-629C-416E-808F-BC52A4C42A8F}.Release|Any CPU.ActiveCfg = Release|Any CPU
		{4AB182E5-629C-416E-808F-BC52A4C42A8F}.Release|Any CPU.Build.0 = Release|Any CPU
		{4AB182E5-629C-416E-808F-BC52A4C42A8F}.Release|Any CPU.Deploy.0 = Release|Any CPU
		{4AB182E5-629C-416E-808F-BC52A4C42A8F}.Release|iPhone.ActiveCfg = Release|Any CPU
		{4AB182E5-629C-416E-808F-BC52A4C42A8F}.Release|iPhone.Build.0 = Release|Any CPU
		{4AB182E5-629C-416E-808F-BC52A4C42A8F}.Release|iPhone.Deploy.0 = Release|Any CPU
		{4AB182E5-629C-416E-808F-BC52A4C42A8F}.Release|iPhoneSimulator.ActiveCfg = Release|Any CPU
		{4AB182E5-629C-416E-808F-BC52A4C42A8F}.Release|iPhoneSimulator.Build.0 = Release|Any CPU
		{4AB182E5-629C-416E-808F-BC52A4C42A8F}.Release|iPhoneSimulator.Deploy.0 = Release|Any CPU
	EndGlobalSection
	GlobalSection(SolutionProperties) = preSolution
		HideSolutionNode = FALSE
	EndGlobalSection
	GlobalSection(ExtensibilityGlobals) = postSolution
		SolutionGuid = {1CD039AE-A401-4669-8007-836357890B50}
	EndGlobalSection
EndGlobal
